
Microsoft Visual Studio Solution File, Format Version 11.00
# Visual Studio 2010
Project("{FAE04EC0-301F-11D3-BF4B-00C04F79EFBC}") = "VuforiaScripts", "VuforiaScripts.csproj", "{4B40370D-8BA6-7263-93A8-6A247C9478A9}"
EndProject
Project("{FAE04EC0-301F-11D3-BF4B-00C04F79EFBC}") = "Assembly-CSharp", "Assembly-CSharp.csproj", "{E6D494C0-B5C0-396B-BE7D-FB531D4D8A5C}"
EndProject
Project("{FAE04EC0-301F-11D3-BF4B-00C04F79EFBC}") = "VuforiaEditorScripts", "VuforiaEditorScripts.csproj", "{E69E9177-BF05-8EFA-A3ED-1209A9E081ED}"
EndProject
Global
	GlobalSection(SolutionConfigurationPlatforms) = preSolution
		Debug|Any CPU = Debug|Any CPU
		Release|Any CPU = Release|Any CPU
	EndGlobalSection
	GlobalSection(ProjectConfigurationPlatforms) = postSolution
		{4B40370D-8BA6-7263-93A8-6A247C9478A9}.Debug|Any CPU.ActiveCfg = Debug|Any CPU
		{4B40370D-8BA6-7263-93A8-6A247C9478A9}.Debug|Any CPU.Build.0 = Debug|Any CPU
		{4B40370D-8BA6-7263-93A8-6A247C9478A9}.Release|Any CPU.ActiveCfg = Release|Any CPU
		{4B40370D-8BA6-7263-93A8-6A247C9478A9}.Release|Any CPU.Build.0 = Release|Any CPU
		{E6D494C0-B5C0-396B-BE7D-FB531D4D8A5C}.Debug|Any CPU.ActiveCfg = Debug|Any CPU
		{E6D494C0-B5C0-396B-BE7D-FB531D4D8A5C}.Debug|Any CPU.Build.0 = Debug|Any CPU
		{E6D494C0-B5C0-396B-BE7D-FB531D4D8A5C}.Release|Any CPU.ActiveCfg = Release|Any CPU
		{E6D494C0-B5C0-396B-BE7D-FB531D4D8A5C}.Release|Any CPU.Build.0 = Release|Any CPU
		{E69E9177-BF05-8EFA-A3ED-1209A9E081ED}.Debug|Any CPU.ActiveCfg = Debug|Any CPU
		{E69E9177-BF05-8EFA-A3ED-1209A9E081ED}.Debug|Any CPU.Build.0 = Debug|Any CPU
		{E69E9177-BF05-8EFA-A3ED-1209A9E081ED}.Release|Any CPU.ActiveCfg = Release|Any CPU
		{E69E9177-BF05-8EFA-A3ED-1209A9E081ED}.Release|Any CPU.Build.0 = Release|Any CPU
	EndGlobalSection
	GlobalSection(SolutionProperties) = preSolution
		HideSolutionNode = FALSE
	EndGlobalSection
	GlobalSection(MonoDevelopProperties) = preSolution
		StartupItem = Assembly-CSharp.csproj
	EndGlobalSection
EndGlobal
